
Microsoft Visual Studio Solution File, Format Version 12.00
# Visual Studio Version 16
VisualStudioVersion = 16.0.30523.141
MinimumVisualStudioVersion = 10.0.40219.1
Project("{FAE04EC0-301F-11D3-BF4B-00C04F79EFBC}") = "NUnitTestProject4", "NUnitTestProject4\NUnitTestProject4.csproj", "{33740630-74CE-4B29-932B-338440FCE73A}"
EndProject
Global
	GlobalSection(SolutionConfigurationPlatforms) = preSolution
		Debug|Any CPU = Debug|Any CPU
		Release|Any CPU = Release|Any CPU
	EndGlobalSection
	GlobalSection(ProjectConfigurationPlatforms) = postSolution
		{33740630-74CE-4B29-932B-338440FCE73A}.Debug|Any CPU.ActiveCfg = Debug|Any CPU
		{33740630-74CE-4B29-932B-338440FCE73A}.Debug|Any CPU.Build.0 = Debug|Any CPU
		{33740630-74CE-4B29-932B-338440FCE73A}.Release|Any CPU.ActiveCfg = Release|Any CPU
		{33740630-74CE-4B29-932B-338440FCE73A}.Release|Any CPU.Build.0 = Release|Any CPU
	EndGlobalSection
	GlobalSection(SolutionProperties) = preSolution
		HideSolutionNode = FALSE
	EndGlobalSection
	GlobalSection(ExtensibilityGlobals) = postSolution
		SolutionGuid = {6968B253-552C-4275-97D4-94033D113EFF}
	EndGlobalSection
EndGlobal
